
Microsoft Visual Studio Solution File, Format Version 12.00
# Visual Studio Version 16
VisualStudioVersion = 16.0.31424.327
MinimumVisualStudioVersion = 10.0.40219.1
Project("{FAE04EC0-301F-11D3-BF4B-00C04F79EFBC}") = "CodeChallenge16-Tree-Max", "CodeChallenge16-Tree-Max\CodeChallenge16-Tree-Max\CodeChallenge16-Tree-Max.csproj", "{403625EC-5423-470B-A937-FA50BAFF62C8}"
EndProject
Global
	GlobalSection(SolutionConfigurationPlatforms) = preSolution
		Debug|Any CPU = Debug|Any CPU
		Release|Any CPU = Release|Any CPU
	EndGlobalSection
	GlobalSection(ProjectConfigurationPlatforms) = postSolution
		{403625EC-5423-470B-A937-FA50BAFF62C8}.Debug|Any CPU.ActiveCfg = Debug|Any CPU
		{403625EC-5423-470B-A937-FA50BAFF62C8}.Debug|Any CPU.Build.0 = Debug|Any CPU
		{403625EC-5423-470B-A937-FA50BAFF62C8}.Release|Any CPU.ActiveCfg = Release|Any CPU
		{403625EC-5423-470B-A937-FA50BAFF62C8}.Release|Any CPU.Build.0 = Release|Any CPU
	EndGlobalSection
	GlobalSection(SolutionProperties) = preSolution
		HideSolutionNode = FALSE
	EndGlobalSection
	GlobalSection(ExtensibilityGlobals) = postSolution
		SolutionGuid = {03AA4FAC-3C2D-472F-92E4-D52D7693BF87}
	EndGlobalSection
EndGlobal
