
Microsoft Visual Studio Solution File, Format Version 12.00
# Visual Studio Version 16
VisualStudioVersion = 16.0.31424.327
MinimumVisualStudioVersion = 10.0.40219.1
Project("{9A19103F-16F7-4668-BE54-9A1E7A4F7556}") = "CodeChallenge16-Tree-Max", "CodeChallenge16-Tree-Max\CodeChallenge16-Tree-Max\CodeChallenge16-Tree-Max.csproj", "{403625EC-5423-470B-A937-FA50BAFF62C8}"
EndProject
Project("{9A19103F-16F7-4668-BE54-9A1E7A4F7556}") = "CodeChallenge17-tree-breadth-first", "CodeChallenge17-tree-breadth-first\CodeChallenge17-tree-breadth-first.csproj", "{9D071B70-77D8-49AE-9B3D-4ADA2FEDC6E2}"
EndProject
Project("{9A19103F-16F7-4668-BE54-9A1E7A4F7556}") = "CodeChallenge18", "CodeChallenge18\CodeChallenge18.csproj", "{408A3ECF-5538-4A51-893A-CD06E4EA46D8}"
EndProject
Project("{9A19103F-16F7-4668-BE54-9A1E7A4F7556}") = "Challenge18Tests", "..\CodeChallengeTests\Challenge18Tests\Challenge18Tests.csproj", "{A43F1EAC-165B-474C-9CAB-A49BB00D5334}"
EndProject
Project("{9A19103F-16F7-4668-BE54-9A1E7A4F7556}") = "CodeChallenge26", "CodeChallenge26\CodeChallenge26.csproj", "{39BE9AD4-B9D6-44DB-99BF-029C38357526}"
EndProject
Project("{FAE04EC0-301F-11D3-BF4B-00C04F79EFBC}") = "Challenge26Tests", "..\CodeChallengeTests\Challenge26Tests\Challenge26Tests.csproj", "{A47A7C8D-89C6-4B67-96F4-B98EBD574737}"
EndProject
Global
	GlobalSection(SolutionConfigurationPlatforms) = preSolution
		Debug|Any CPU = Debug|Any CPU
		Release|Any CPU = Release|Any CPU
	EndGlobalSection
	GlobalSection(ProjectConfigurationPlatforms) = postSolution
		{403625EC-5423-470B-A937-FA50BAFF62C8}.Debug|Any CPU.ActiveCfg = Debug|Any CPU
		{403625EC-5423-470B-A937-FA50BAFF62C8}.Debug|Any CPU.Build.0 = Debug|Any CPU
		{403625EC-5423-470B-A937-FA50BAFF62C8}.Release|Any CPU.ActiveCfg = Release|Any CPU
		{403625EC-5423-470B-A937-FA50BAFF62C8}.Release|Any CPU.Build.0 = Release|Any CPU
		{9D071B70-77D8-49AE-9B3D-4ADA2FEDC6E2}.Debug|Any CPU.ActiveCfg = Debug|Any CPU
		{9D071B70-77D8-49AE-9B3D-4ADA2FEDC6E2}.Debug|Any CPU.Build.0 = Debug|Any CPU
		{9D071B70-77D8-49AE-9B3D-4ADA2FEDC6E2}.Release|Any CPU.ActiveCfg = Release|Any CPU
		{9D071B70-77D8-49AE-9B3D-4ADA2FEDC6E2}.Release|Any CPU.Build.0 = Release|Any CPU
		{408A3ECF-5538-4A51-893A-CD06E4EA46D8}.Debug|Any CPU.ActiveCfg = Debug|Any CPU
		{408A3ECF-5538-4A51-893A-CD06E4EA46D8}.Debug|Any CPU.Build.0 = Debug|Any CPU
		{408A3ECF-5538-4A51-893A-CD06E4EA46D8}.Release|Any CPU.ActiveCfg = Release|Any CPU
		{408A3ECF-5538-4A51-893A-CD06E4EA46D8}.Release|Any CPU.Build.0 = Release|Any CPU
		{A43F1EAC-165B-474C-9CAB-A49BB00D5334}.Debug|Any CPU.ActiveCfg = Debug|Any CPU
		{A43F1EAC-165B-474C-9CAB-A49BB00D5334}.Debug|Any CPU.Build.0 = Debug|Any CPU
		{A43F1EAC-165B-474C-9CAB-A49BB00D5334}.Release|Any CPU.ActiveCfg = Release|Any CPU
		{A43F1EAC-165B-474C-9CAB-A49BB00D5334}.Release|Any CPU.Build.0 = Release|Any CPU
		{39BE9AD4-B9D6-44DB-99BF-029C38357526}.Debug|Any CPU.ActiveCfg = Debug|Any CPU
		{39BE9AD4-B9D6-44DB-99BF-029C38357526}.Debug|Any CPU.Build.0 = Debug|Any CPU
		{39BE9AD4-B9D6-44DB-99BF-029C38357526}.Release|Any CPU.ActiveCfg = Release|Any CPU
		{39BE9AD4-B9D6-44DB-99BF-029C38357526}.Release|Any CPU.Build.0 = Release|Any CPU
		{A47A7C8D-89C6-4B67-96F4-B98EBD574737}.Debug|Any CPU.ActiveCfg = Debug|Any CPU
		{A47A7C8D-89C6-4B67-96F4-B98EBD574737}.Debug|Any CPU.Build.0 = Debug|Any CPU
		{A47A7C8D-89C6-4B67-96F4-B98EBD574737}.Release|Any CPU.ActiveCfg = Release|Any CPU
		{A47A7C8D-89C6-4B67-96F4-B98EBD574737}.Release|Any CPU.Build.0 = Release|Any CPU
	EndGlobalSection
	GlobalSection(SolutionProperties) = preSolution
		HideSolutionNode = FALSE
	EndGlobalSection
	GlobalSection(ExtensibilityGlobals) = postSolution
		SolutionGuid = {03AA4FAC-3C2D-472F-92E4-D52D7693BF87}
	EndGlobalSection
EndGlobal
