
Microsoft Visual Studio Solution File, Format Version 12.00
# Visual Studio Version 16
VisualStudioVersion = 16.0.31424.327
MinimumVisualStudioVersion = 10.0.40219.1
Project("{9A19103F-16F7-4668-BE54-9A1E7A4F7556}") = "DataStructures", "DataStructures.csproj", "{D7F1D74F-5F32-4EDB-A388-2F1344AA4323}"
EndProject
Global
	GlobalSection(SolutionConfigurationPlatforms) = preSolution
		Debug|Any CPU = Debug|Any CPU
		Release|Any CPU = Release|Any CPU
	EndGlobalSection
	GlobalSection(ProjectConfigurationPlatforms) = postSolution
		{D7F1D74F-5F32-4EDB-A388-2F1344AA4323}.Debug|Any CPU.ActiveCfg = Debug|Any CPU
		{D7F1D74F-5F32-4EDB-A388-2F1344AA4323}.Debug|Any CPU.Build.0 = Debug|Any CPU
		{D7F1D74F-5F32-4EDB-A388-2F1344AA4323}.Release|Any CPU.ActiveCfg = Release|Any CPU
		{D7F1D74F-5F32-4EDB-A388-2F1344AA4323}.Release|Any CPU.Build.0 = Release|Any CPU
	EndGlobalSection
	GlobalSection(SolutionProperties) = preSolution
		HideSolutionNode = FALSE
	EndGlobalSection
	GlobalSection(ExtensibilityGlobals) = postSolution
		SolutionGuid = {4C411CE3-3576-4214-9517-27F8C0B9B175}
	EndGlobalSection
EndGlobal
