
Microsoft Visual Studio Solution File, Format Version 12.00
# Visual Studio Version 16
VisualStudioVersion = 16.0.31424.327
MinimumVisualStudioVersion = 10.0.40219.1
Project("{FAE04EC0-301F-11D3-BF4B-00C04F79EFBC}") = "DataStructures", "DataStructures\DataStructures.csproj", "{C6DB3A0A-9B9B-49C3-AD97-2951F34AB542}"
EndProject
Project("{FAE04EC0-301F-11D3-BF4B-00C04F79EFBC}") = "DataStructuresTest", "DataStructuresTest\DataStructuresTest.csproj", "{64A864B6-BD53-41F3-A260-4977864BB3BA}"
EndProject
Global
	GlobalSection(SolutionConfigurationPlatforms) = preSolution
		Debug|Any CPU = Debug|Any CPU
		Release|Any CPU = Release|Any CPU
	EndGlobalSection
	GlobalSection(ProjectConfigurationPlatforms) = postSolution
		{C6DB3A0A-9B9B-49C3-AD97-2951F34AB542}.Debug|Any CPU.ActiveCfg = Debug|Any CPU
		{C6DB3A0A-9B9B-49C3-AD97-2951F34AB542}.Debug|Any CPU.Build.0 = Debug|Any CPU
		{C6DB3A0A-9B9B-49C3-AD97-2951F34AB542}.Release|Any CPU.ActiveCfg = Release|Any CPU
		{C6DB3A0A-9B9B-49C3-AD97-2951F34AB542}.Release|Any CPU.Build.0 = Release|Any CPU
		{64A864B6-BD53-41F3-A260-4977864BB3BA}.Debug|Any CPU.ActiveCfg = Debug|Any CPU
		{64A864B6-BD53-41F3-A260-4977864BB3BA}.Debug|Any CPU.Build.0 = Debug|Any CPU
		{64A864B6-BD53-41F3-A260-4977864BB3BA}.Release|Any CPU.ActiveCfg = Release|Any CPU
		{64A864B6-BD53-41F3-A260-4977864BB3BA}.Release|Any CPU.Build.0 = Release|Any CPU
	EndGlobalSection
	GlobalSection(SolutionProperties) = preSolution
		HideSolutionNode = FALSE
	EndGlobalSection
	GlobalSection(ExtensibilityGlobals) = postSolution
		SolutionGuid = {9C17E0E2-4AB5-46E9-9238-2ACC621B1C4E}
	EndGlobalSection
EndGlobal
