
Microsoft Visual Studio Solution File, Format Version 12.00
# Visual Studio Version 16
VisualStudioVersion = 16.0.31424.327
MinimumVisualStudioVersion = 10.0.40219.1
Project("{FAE04EC0-301F-11D3-BF4B-00C04F79EFBC}") = "DataStructures", "DataStructures\DataStructures.csproj", "{8C5D9934-9E4E-4EE5-ACF3-0390872FF6F8}"
EndProject
Project("{FAE04EC0-301F-11D3-BF4B-00C04F79EFBC}") = "DataStructuresTest", "DataStructuresTest\DataStructuresTest.csproj", "{2A1858A2-365D-417C-B0B5-A8D5D9CA255B}"
EndProject
Project("{FAE04EC0-301F-11D3-BF4B-00C04F79EFBC}") = "CodeChallengesTest", "CodeChallengesTest\CodeChallengesTest.csproj", "{E5734DCC-D51A-49EE-8E82-506BC04CC5EF}"
EndProject
Project("{FAE04EC0-301F-11D3-BF4B-00C04F79EFBC}") = "CodeChallenges", "CodeChallenges\CodeChallenges.csproj", "{CE949134-4780-4CE9-8962-A4AA9C56E46B}"
EndProject
Global
	GlobalSection(SolutionConfigurationPlatforms) = preSolution
		Debug|Any CPU = Debug|Any CPU
		Release|Any CPU = Release|Any CPU
	EndGlobalSection
	GlobalSection(ProjectConfigurationPlatforms) = postSolution
		{8C5D9934-9E4E-4EE5-ACF3-0390872FF6F8}.Debug|Any CPU.ActiveCfg = Debug|Any CPU
		{8C5D9934-9E4E-4EE5-ACF3-0390872FF6F8}.Debug|Any CPU.Build.0 = Debug|Any CPU
		{8C5D9934-9E4E-4EE5-ACF3-0390872FF6F8}.Release|Any CPU.ActiveCfg = Release|Any CPU
		{8C5D9934-9E4E-4EE5-ACF3-0390872FF6F8}.Release|Any CPU.Build.0 = Release|Any CPU
		{2A1858A2-365D-417C-B0B5-A8D5D9CA255B}.Debug|Any CPU.ActiveCfg = Debug|Any CPU
		{2A1858A2-365D-417C-B0B5-A8D5D9CA255B}.Debug|Any CPU.Build.0 = Debug|Any CPU
		{2A1858A2-365D-417C-B0B5-A8D5D9CA255B}.Release|Any CPU.ActiveCfg = Release|Any CPU
		{2A1858A2-365D-417C-B0B5-A8D5D9CA255B}.Release|Any CPU.Build.0 = Release|Any CPU
		{E5734DCC-D51A-49EE-8E82-506BC04CC5EF}.Debug|Any CPU.ActiveCfg = Debug|Any CPU
		{E5734DCC-D51A-49EE-8E82-506BC04CC5EF}.Debug|Any CPU.Build.0 = Debug|Any CPU
		{E5734DCC-D51A-49EE-8E82-506BC04CC5EF}.Release|Any CPU.ActiveCfg = Release|Any CPU
		{E5734DCC-D51A-49EE-8E82-506BC04CC5EF}.Release|Any CPU.Build.0 = Release|Any CPU
		{CE949134-4780-4CE9-8962-A4AA9C56E46B}.Debug|Any CPU.ActiveCfg = Debug|Any CPU
		{CE949134-4780-4CE9-8962-A4AA9C56E46B}.Debug|Any CPU.Build.0 = Debug|Any CPU
		{CE949134-4780-4CE9-8962-A4AA9C56E46B}.Release|Any CPU.ActiveCfg = Release|Any CPU
		{CE949134-4780-4CE9-8962-A4AA9C56E46B}.Release|Any CPU.Build.0 = Release|Any CPU
	EndGlobalSection
	GlobalSection(SolutionProperties) = preSolution
		HideSolutionNode = FALSE
	EndGlobalSection
	GlobalSection(ExtensibilityGlobals) = postSolution
		SolutionGuid = {AF4686CC-9BA6-441D-A4F5-1E7BAAD1468D}
	EndGlobalSection
EndGlobal
